
Microsoft Visual Studio Solution File, Format Version 10.00
# Visual Studio 2008
Project("{8BC9CEB8-8B4A-11D0-8D11-00A0C91BC942}") = "массив а б", "массив а б\массив а б.vcproj", "{777668D0-94A8-4F8C-876C-01A4BF524A13}"
EndProject
Global
	GlobalSection(SolutionConfigurationPlatforms) = preSolution
		Debug|Win32 = Debug|Win32
		Release|Win32 = Release|Win32
	EndGlobalSection
	GlobalSection(ProjectConfigurationPlatforms) = postSolution
		{777668D0-94A8-4F8C-876C-01A4BF524A13}.Debug|Win32.ActiveCfg = Debug|Win32
		{777668D0-94A8-4F8C-876C-01A4BF524A13}.Debug|Win32.Build.0 = Debug|Win32
		{777668D0-94A8-4F8C-876C-01A4BF524A13}.Release|Win32.ActiveCfg = Release|Win32
		{777668D0-94A8-4F8C-876C-01A4BF524A13}.Release|Win32.Build.0 = Release|Win32
	EndGlobalSection
	GlobalSection(SolutionProperties) = preSolution
		HideSolutionNode = FALSE
	EndGlobalSection
EndGlobal
